
Microsoft Visual Studio Solution File, Format Version 12.00
# Visual Studio Version 17
VisualStudioVersion = 17.5.33502.453
MinimumVisualStudioVersion = 10.0.40219.1
Project("{2150E333-8FDC-42A3-9474-1A3956D46DE8}") = "src", "src", "{7A80B95C-AD57-4057-AED0-48629B75874F}"
	ProjectSection(SolutionItems) = preProject
		src\Directory.Build.props = src\Directory.Build.props
		src\Directory.Build.targets = src\Directory.Build.targets
	EndProjectSection
EndProject
Project("{2150E333-8FDC-42A3-9474-1A3956D46DE8}") = "misc", "misc", "{680E7714-A1E6-45F7-BC6E-E1900067FD7A}"
	ProjectSection(SolutionItems) = preProject
		.editorconfig = .editorconfig
		.gitignore = .gitignore
		CHANGELOG.md = CHANGELOG.md
		nuget.config = nuget.config
		README.md = README.md
	EndProjectSection
EndProject
Project("{2150E333-8FDC-42A3-9474-1A3956D46DE8}") = "samples", "samples", "{865C9FB5-1043-47BE-B650-25A2B42030A3}"
EndProject
Project("{2150E333-8FDC-42A3-9474-1A3956D46DE8}") = "chat", "chat", "{46888A9D-8058-499C-9F2F-07800FF686EB}"
EndProject
Project("{2150E333-8FDC-42A3-9474-1A3956D46DE8}") = "tests", "tests", "{B99948E2-9853-4D9C-B784-19C2503CDA8B}"
EndProject
Project("{9A19103F-16F7-4668-BE54-9A1E7A4F7556}") = "SampleValidation", "tests\SampleValidation\SampleValidation.csproj", "{B0F02F06-9124-4A91-9685-824C55E698BD}"
EndProject
Project("{2150E333-8FDC-42A3-9474-1A3956D46DE8}") = "embeddings", "embeddings", "{4B55F637-B067-43B4-B6FC-65171654315C}"
EndProject
Project("{9A19103F-16F7-4668-BE54-9A1E7A4F7556}") = "Functions.Worker.Extensions.OpenAI", "src\Functions.Worker.Extensions.OpenAI\Functions.Worker.Extensions.OpenAI.csproj", "{2704D01A-21F8-4B58-B018-73C5D774D9D6}"
EndProject
Project("{9A19103F-16F7-4668-BE54-9A1E7A4F7556}") = "WebJobs.Extensions.OpenAI", "src\WebJobs.Extensions.OpenAI\WebJobs.Extensions.OpenAI.csproj", "{3D9FE0C4-07FA-4D64-AB45-54D9829F3790}"
EndProject
Project("{9A19103F-16F7-4668-BE54-9A1E7A4F7556}") = "WebJobs.Extensions.OpenAI.Kusto", "src\WebJobs.Extensions.OpenAI.Kusto\WebJobs.Extensions.OpenAI.Kusto.csproj", "{91B903B6-1DF0-4291-BE6D-78072FFFD597}"
EndProject
Project("{2150E333-8FDC-42A3-9474-1A3956D46DE8}") = "textcompletion", "textcompletion", "{066E5306-2BBF-4C3F-BEDD-9529AE2FB60C}"
EndProject
Project("{9A19103F-16F7-4668-BE54-9A1E7A4F7556}") = "TextCompletion", "samples\textcompletion\csharp-inproc\TextCompletion.csproj", "{F5EBA17C-FE2A-4AE1-B52E-39A48928F539}"
EndProject
Project("{9A19103F-16F7-4668-BE54-9A1E7A4F7556}") = "Embeddings", "samples\embeddings\csharp-inproc\Embeddings.csproj", "{C6AD2FDE-F1BF-40E4-AB28-36A3A29FB518}"
EndProject
Project("{9A19103F-16F7-4668-BE54-9A1E7A4F7556}") = "TextCompletionIsolated", "samples\textcompletion\csharp-ooproc\TextCompletionIsolated.csproj", "{8C478DB0-2F1E-40B2-82E9-7E89DFF2495D}"
EndProject
Project("{9A19103F-16F7-4668-BE54-9A1E7A4F7556}") = "CSharpIsolatedSamples", "samples\chat\csharp-ooproc\CSharpIsolatedSamples.csproj", "{6701A54D-E00F-46E8-9344-B1547805459E}"
EndProject
Project("{2150E333-8FDC-42A3-9474-1A3956D46DE8}") = "assistant", "assistant", "{C5578BE5-AAC7-4616-9A35-41CA5903882A}"
EndProject
Project("{9A19103F-16F7-4668-BE54-9A1E7A4F7556}") = "AssistantSample", "samples\assistant\csharp-inproc\AssistantSample.csproj", "{76836E7D-CBEE-4845-B44A-4634B4E57471}"
EndProject
Project("{2150E333-8FDC-42A3-9474-1A3956D46DE8}") = "rag", "rag", "{4CD51D81-D334-4FBC-A82B-8E2408913B7D}"
EndProject
Project("{9A19103F-16F7-4668-BE54-9A1E7A4F7556}") = "SemanticSearchEmbeddings", "samples\rag\csharp-inproc\SemanticSearchEmbeddings.csproj", "{BD2064F5-6F56-45D4-A2E9-5C276FDAF4B1}"
EndProject
Project("{9A19103F-16F7-4668-BE54-9A1E7A4F7556}") = "AssistantSampleIsolated", "samples\assistant\csharp-ooproc\AssistantSampleOutOfProc\AssistantSampleIsolated.csproj", "{8573FE76-9920-4A95-9D29-911FD6B0AB25}"
EndProject
Global
	GlobalSection(SolutionConfigurationPlatforms) = preSolution
		Debug|Any CPU = Debug|Any CPU
		Release|Any CPU = Release|Any CPU
	EndGlobalSection
	GlobalSection(ProjectConfigurationPlatforms) = postSolution
		{B0F02F06-9124-4A91-9685-824C55E698BD}.Debug|Any CPU.ActiveCfg = Debug|Any CPU
		{B0F02F06-9124-4A91-9685-824C55E698BD}.Debug|Any CPU.Build.0 = Debug|Any CPU
		{B0F02F06-9124-4A91-9685-824C55E698BD}.Release|Any CPU.ActiveCfg = Release|Any CPU
		{B0F02F06-9124-4A91-9685-824C55E698BD}.Release|Any CPU.Build.0 = Release|Any CPU
		{2704D01A-21F8-4B58-B018-73C5D774D9D6}.Debug|Any CPU.ActiveCfg = Debug|Any CPU
		{2704D01A-21F8-4B58-B018-73C5D774D9D6}.Debug|Any CPU.Build.0 = Debug|Any CPU
		{2704D01A-21F8-4B58-B018-73C5D774D9D6}.Release|Any CPU.ActiveCfg = Release|Any CPU
		{2704D01A-21F8-4B58-B018-73C5D774D9D6}.Release|Any CPU.Build.0 = Release|Any CPU
		{3D9FE0C4-07FA-4D64-AB45-54D9829F3790}.Debug|Any CPU.ActiveCfg = Debug|Any CPU
		{3D9FE0C4-07FA-4D64-AB45-54D9829F3790}.Debug|Any CPU.Build.0 = Debug|Any CPU
		{3D9FE0C4-07FA-4D64-AB45-54D9829F3790}.Release|Any CPU.ActiveCfg = Release|Any CPU
		{3D9FE0C4-07FA-4D64-AB45-54D9829F3790}.Release|Any CPU.Build.0 = Release|Any CPU
		{91B903B6-1DF0-4291-BE6D-78072FFFD597}.Debug|Any CPU.ActiveCfg = Debug|Any CPU
		{91B903B6-1DF0-4291-BE6D-78072FFFD597}.Debug|Any CPU.Build.0 = Debug|Any CPU
		{91B903B6-1DF0-4291-BE6D-78072FFFD597}.Release|Any CPU.ActiveCfg = Release|Any CPU
		{91B903B6-1DF0-4291-BE6D-78072FFFD597}.Release|Any CPU.Build.0 = Release|Any CPU
		{F5EBA17C-FE2A-4AE1-B52E-39A48928F539}.Debug|Any CPU.ActiveCfg = Debug|Any CPU
		{F5EBA17C-FE2A-4AE1-B52E-39A48928F539}.Debug|Any CPU.Build.0 = Debug|Any CPU
		{F5EBA17C-FE2A-4AE1-B52E-39A48928F539}.Release|Any CPU.ActiveCfg = Release|Any CPU
		{F5EBA17C-FE2A-4AE1-B52E-39A48928F539}.Release|Any CPU.Build.0 = Release|Any CPU
		{C6AD2FDE-F1BF-40E4-AB28-36A3A29FB518}.Debug|Any CPU.ActiveCfg = Debug|Any CPU
		{C6AD2FDE-F1BF-40E4-AB28-36A3A29FB518}.Debug|Any CPU.Build.0 = Debug|Any CPU
		{C6AD2FDE-F1BF-40E4-AB28-36A3A29FB518}.Release|Any CPU.ActiveCfg = Release|Any CPU
		{C6AD2FDE-F1BF-40E4-AB28-36A3A29FB518}.Release|Any CPU.Build.0 = Release|Any CPU
		{8C478DB0-2F1E-40B2-82E9-7E89DFF2495D}.Debug|Any CPU.ActiveCfg = Debug|Any CPU
		{8C478DB0-2F1E-40B2-82E9-7E89DFF2495D}.Debug|Any CPU.Build.0 = Debug|Any CPU
		{8C478DB0-2F1E-40B2-82E9-7E89DFF2495D}.Release|Any CPU.ActiveCfg = Release|Any CPU
		{8C478DB0-2F1E-40B2-82E9-7E89DFF2495D}.Release|Any CPU.Build.0 = Release|Any CPU
		{6701A54D-E00F-46E8-9344-B1547805459E}.Debug|Any CPU.ActiveCfg = Debug|Any CPU
		{6701A54D-E00F-46E8-9344-B1547805459E}.Debug|Any CPU.Build.0 = Debug|Any CPU
		{6701A54D-E00F-46E8-9344-B1547805459E}.Release|Any CPU.ActiveCfg = Release|Any CPU
		{6701A54D-E00F-46E8-9344-B1547805459E}.Release|Any CPU.Build.0 = Release|Any CPU
		{76836E7D-CBEE-4845-B44A-4634B4E57471}.Debug|Any CPU.ActiveCfg = Debug|Any CPU
		{76836E7D-CBEE-4845-B44A-4634B4E57471}.Debug|Any CPU.Build.0 = Debug|Any CPU
		{76836E7D-CBEE-4845-B44A-4634B4E57471}.Release|Any CPU.ActiveCfg = Release|Any CPU
		{76836E7D-CBEE-4845-B44A-4634B4E57471}.Release|Any CPU.Build.0 = Release|Any CPU
		{BD2064F5-6F56-45D4-A2E9-5C276FDAF4B1}.Debug|Any CPU.ActiveCfg = Debug|Any CPU
		{BD2064F5-6F56-45D4-A2E9-5C276FDAF4B1}.Debug|Any CPU.Build.0 = Debug|Any CPU
		{BD2064F5-6F56-45D4-A2E9-5C276FDAF4B1}.Release|Any CPU.ActiveCfg = Release|Any CPU
		{BD2064F5-6F56-45D4-A2E9-5C276FDAF4B1}.Release|Any CPU.Build.0 = Release|Any CPU
		{8573FE76-9920-4A95-9D29-911FD6B0AB25}.Debug|Any CPU.ActiveCfg = Debug|Any CPU
		{8573FE76-9920-4A95-9D29-911FD6B0AB25}.Debug|Any CPU.Build.0 = Debug|Any CPU
		{8573FE76-9920-4A95-9D29-911FD6B0AB25}.Release|Any CPU.ActiveCfg = Release|Any CPU
		{8573FE76-9920-4A95-9D29-911FD6B0AB25}.Release|Any CPU.Build.0 = Release|Any CPU
	EndGlobalSection
	GlobalSection(SolutionProperties) = preSolution
		HideSolutionNode = FALSE
	EndGlobalSection
	GlobalSection(NestedProjects) = preSolution
		{46888A9D-8058-499C-9F2F-07800FF686EB} = {865C9FB5-1043-47BE-B650-25A2B42030A3}
		{B0F02F06-9124-4A91-9685-824C55E698BD} = {B99948E2-9853-4D9C-B784-19C2503CDA8B}
		{4B55F637-B067-43B4-B6FC-65171654315C} = {865C9FB5-1043-47BE-B650-25A2B42030A3}
		{2704D01A-21F8-4B58-B018-73C5D774D9D6} = {7A80B95C-AD57-4057-AED0-48629B75874F}
		{3D9FE0C4-07FA-4D64-AB45-54D9829F3790} = {7A80B95C-AD57-4057-AED0-48629B75874F}
		{91B903B6-1DF0-4291-BE6D-78072FFFD597} = {7A80B95C-AD57-4057-AED0-48629B75874F}
		{066E5306-2BBF-4C3F-BEDD-9529AE2FB60C} = {865C9FB5-1043-47BE-B650-25A2B42030A3}
		{F5EBA17C-FE2A-4AE1-B52E-39A48928F539} = {066E5306-2BBF-4C3F-BEDD-9529AE2FB60C}
		{C6AD2FDE-F1BF-40E4-AB28-36A3A29FB518} = {4B55F637-B067-43B4-B6FC-65171654315C}
		{8C478DB0-2F1E-40B2-82E9-7E89DFF2495D} = {066E5306-2BBF-4C3F-BEDD-9529AE2FB60C}
		{6701A54D-E00F-46E8-9344-B1547805459E} = {46888A9D-8058-499C-9F2F-07800FF686EB}
		{C5578BE5-AAC7-4616-9A35-41CA5903882A} = {865C9FB5-1043-47BE-B650-25A2B42030A3}
		{76836E7D-CBEE-4845-B44A-4634B4E57471} = {C5578BE5-AAC7-4616-9A35-41CA5903882A}
		{4CD51D81-D334-4FBC-A82B-8E2408913B7D} = {865C9FB5-1043-47BE-B650-25A2B42030A3}
		{BD2064F5-6F56-45D4-A2E9-5C276FDAF4B1} = {4CD51D81-D334-4FBC-A82B-8E2408913B7D}
		{8573FE76-9920-4A95-9D29-911FD6B0AB25} = {C5578BE5-AAC7-4616-9A35-41CA5903882A}
	EndGlobalSection
	GlobalSection(ExtensibilityGlobals) = postSolution
		SolutionGuid = {05A7A679-3A53-45B5-AE93-4313655E127D}
	EndGlobalSection
EndGlobal
