
Microsoft Visual Studio Solution File, Format Version 12.00
# Visual Studio Version 17
VisualStudioVersion = 17.5.33502.453
MinimumVisualStudioVersion = 10.0.40219.1
Project("{9A19103F-16F7-4668-BE54-9A1E7A4F7556}") = "OpenAITesting", "sandbox\OpenAITesting\OpenAITesting.csproj", "{C000807F-9AF6-4544-8491-2CFBBE7D5444}"
EndProject
Project("{9A19103F-16F7-4668-BE54-9A1E7A4F7556}") = "WebJobs.Extensions.OpenAI", "src\WebJobs.Extensions.OpenAI\WebJobs.Extensions.OpenAI.csproj", "{58E729F3-7936-4522-900C-57AD99824776}"
EndProject
Project("{2150E333-8FDC-42A3-9474-1A3956D46DE8}") = "sandbox", "sandbox", "{CAEDF9E2-7B35-4889-9341-8417321A2575}"
EndProject
Project("{2150E333-8FDC-42A3-9474-1A3956D46DE8}") = "src", "src", "{7A80B95C-AD57-4057-AED0-48629B75874F}"
	ProjectSection(SolutionItems) = preProject
		src\Directory.Build.props = src\Directory.Build.props
		src\Directory.Build.targets = src\Directory.Build.targets
	EndProjectSection
EndProject
Project("{2150E333-8FDC-42A3-9474-1A3956D46DE8}") = "misc", "misc", "{680E7714-A1E6-45F7-BC6E-E1900067FD7A}"
	ProjectSection(SolutionItems) = preProject
		.editorconfig = .editorconfig
		.gitignore = .gitignore
		CHANGELOG.md = CHANGELOG.md
		nuget.config = nuget.config
		README.md = README.md
	EndProjectSection
EndProject
Project("{9A19103F-16F7-4668-BE54-9A1E7A4F7556}") = "WebJobs.Extensions.OpenAI.Kusto", "src\WebJobs.Extensions.OpenAI.Kusto\WebJobs.Extensions.OpenAI.Kusto.csproj", "{10BFFE66-E0B8-4762-81FE-77C3756984C0}"
EndProject
Project("{2150E333-8FDC-42A3-9474-1A3956D46DE8}") = "samples", "samples", "{865C9FB5-1043-47BE-B650-25A2B42030A3}"
EndProject
Project("{2150E333-8FDC-42A3-9474-1A3956D46DE8}") = "chat", "chat", "{46888A9D-8058-499C-9F2F-07800FF686EB}"
EndProject
Project("{9A19103F-16F7-4668-BE54-9A1E7A4F7556}") = "ChatBotSample", "samples\chat\csharp-inproc\ChatBotSample.csproj", "{2C15A452-14A2-4156-95E2-E6D709F383EF}"
EndProject
Project("{2150E333-8FDC-42A3-9474-1A3956D46DE8}") = "tests", "tests", "{B99948E2-9853-4D9C-B784-19C2503CDA8B}"
EndProject
Project("{9A19103F-16F7-4668-BE54-9A1E7A4F7556}") = "SampleValidation", "tests\SampleValidation\SampleValidation.csproj", "{B0F02F06-9124-4A91-9685-824C55E698BD}"
EndProject
Project("{2150E333-8FDC-42A3-9474-1A3956D46DE8}") = "other", "other", "{4B55F637-B067-43B4-B6FC-65171654315C}"
EndProject
Project("{9A19103F-16F7-4668-BE54-9A1E7A4F7556}") = "CSharpInProcSamples", "samples\other\dotnet\csharp-inproc\CSharpInProcSamples.csproj", "{C541A7B4-5F55-4575-A80B-A9D8125E0A55}"
EndProject
Project("{2150E333-8FDC-42A3-9474-1A3956D46DE8}") = "search", "search", "{86EAF0D2-9CE7-4537-A583-C29DA28A08F1}"
EndProject
Project("{2150E333-8FDC-42A3-9474-1A3956D46DE8}") = "ooproc", "ooproc", "{E6B8C0F5-9462-4A9C-AD6F-B34721BA0E51}"
EndProject
Project("{9A19103F-16F7-4668-BE54-9A1E7A4F7556}") = "Functions.Worker.Extensions.OpenAI", "src\Functions.Worker.Extensions.OpenAI\Functions.Worker.Extensions.OpenAI.csproj", "{EBFED369-EBBB-49F8-B2F2-236AF3063271}"
EndProject
Project("{9A19103F-16F7-4668-BE54-9A1E7A4F7556}") = "CSharpIsolatedSamples", "samples\other\dotnet\csharp-ooproc\CSharpIsolatedSamples\CSharpIsolatedSamples.csproj", "{537FD9B3-1288-461B-BEFD-8DF323A50BF1}"
EndProject
Global
	GlobalSection(SolutionConfigurationPlatforms) = preSolution
		Debug|Any CPU = Debug|Any CPU
		Release|Any CPU = Release|Any CPU
	EndGlobalSection
	GlobalSection(ProjectConfigurationPlatforms) = postSolution
		{C000807F-9AF6-4544-8491-2CFBBE7D5444}.Debug|Any CPU.ActiveCfg = Debug|Any CPU
		{C000807F-9AF6-4544-8491-2CFBBE7D5444}.Debug|Any CPU.Build.0 = Debug|Any CPU
		{C000807F-9AF6-4544-8491-2CFBBE7D5444}.Release|Any CPU.ActiveCfg = Release|Any CPU
		{C000807F-9AF6-4544-8491-2CFBBE7D5444}.Release|Any CPU.Build.0 = Release|Any CPU
		{58E729F3-7936-4522-900C-57AD99824776}.Debug|Any CPU.ActiveCfg = Debug|Any CPU
		{58E729F3-7936-4522-900C-57AD99824776}.Debug|Any CPU.Build.0 = Debug|Any CPU
		{58E729F3-7936-4522-900C-57AD99824776}.Release|Any CPU.ActiveCfg = Release|Any CPU
		{58E729F3-7936-4522-900C-57AD99824776}.Release|Any CPU.Build.0 = Release|Any CPU
		{10BFFE66-E0B8-4762-81FE-77C3756984C0}.Debug|Any CPU.ActiveCfg = Debug|Any CPU
		{10BFFE66-E0B8-4762-81FE-77C3756984C0}.Debug|Any CPU.Build.0 = Debug|Any CPU
		{10BFFE66-E0B8-4762-81FE-77C3756984C0}.Release|Any CPU.ActiveCfg = Release|Any CPU
		{10BFFE66-E0B8-4762-81FE-77C3756984C0}.Release|Any CPU.Build.0 = Release|Any CPU
		{2C15A452-14A2-4156-95E2-E6D709F383EF}.Debug|Any CPU.ActiveCfg = Debug|Any CPU
		{2C15A452-14A2-4156-95E2-E6D709F383EF}.Debug|Any CPU.Build.0 = Debug|Any CPU
		{2C15A452-14A2-4156-95E2-E6D709F383EF}.Release|Any CPU.ActiveCfg = Release|Any CPU
		{2C15A452-14A2-4156-95E2-E6D709F383EF}.Release|Any CPU.Build.0 = Release|Any CPU
		{B0F02F06-9124-4A91-9685-824C55E698BD}.Debug|Any CPU.ActiveCfg = Debug|Any CPU
		{B0F02F06-9124-4A91-9685-824C55E698BD}.Debug|Any CPU.Build.0 = Debug|Any CPU
		{B0F02F06-9124-4A91-9685-824C55E698BD}.Release|Any CPU.ActiveCfg = Release|Any CPU
		{B0F02F06-9124-4A91-9685-824C55E698BD}.Release|Any CPU.Build.0 = Release|Any CPU
		{C541A7B4-5F55-4575-A80B-A9D8125E0A55}.Debug|Any CPU.ActiveCfg = Debug|Any CPU
		{C541A7B4-5F55-4575-A80B-A9D8125E0A55}.Debug|Any CPU.Build.0 = Debug|Any CPU
		{C541A7B4-5F55-4575-A80B-A9D8125E0A55}.Release|Any CPU.ActiveCfg = Release|Any CPU
		{C541A7B4-5F55-4575-A80B-A9D8125E0A55}.Release|Any CPU.Build.0 = Release|Any CPU
		{EBFED369-EBBB-49F8-B2F2-236AF3063271}.Debug|Any CPU.ActiveCfg = Debug|Any CPU
		{EBFED369-EBBB-49F8-B2F2-236AF3063271}.Debug|Any CPU.Build.0 = Debug|Any CPU
		{EBFED369-EBBB-49F8-B2F2-236AF3063271}.Release|Any CPU.ActiveCfg = Release|Any CPU
		{EBFED369-EBBB-49F8-B2F2-236AF3063271}.Release|Any CPU.Build.0 = Release|Any CPU
		{537FD9B3-1288-461B-BEFD-8DF323A50BF1}.Debug|Any CPU.ActiveCfg = Debug|Any CPU
		{537FD9B3-1288-461B-BEFD-8DF323A50BF1}.Debug|Any CPU.Build.0 = Debug|Any CPU
		{537FD9B3-1288-461B-BEFD-8DF323A50BF1}.Release|Any CPU.ActiveCfg = Release|Any CPU
		{537FD9B3-1288-461B-BEFD-8DF323A50BF1}.Release|Any CPU.Build.0 = Release|Any CPU
	EndGlobalSection
	GlobalSection(SolutionProperties) = preSolution
		HideSolutionNode = FALSE
	EndGlobalSection
	GlobalSection(NestedProjects) = preSolution
		{C000807F-9AF6-4544-8491-2CFBBE7D5444} = {CAEDF9E2-7B35-4889-9341-8417321A2575}
		{58E729F3-7936-4522-900C-57AD99824776} = {7A80B95C-AD57-4057-AED0-48629B75874F}
		{10BFFE66-E0B8-4762-81FE-77C3756984C0} = {7A80B95C-AD57-4057-AED0-48629B75874F}
		{46888A9D-8058-499C-9F2F-07800FF686EB} = {865C9FB5-1043-47BE-B650-25A2B42030A3}
		{2C15A452-14A2-4156-95E2-E6D709F383EF} = {46888A9D-8058-499C-9F2F-07800FF686EB}
		{B0F02F06-9124-4A91-9685-824C55E698BD} = {B99948E2-9853-4D9C-B784-19C2503CDA8B}
		{4B55F637-B067-43B4-B6FC-65171654315C} = {865C9FB5-1043-47BE-B650-25A2B42030A3}
		{C541A7B4-5F55-4575-A80B-A9D8125E0A55} = {4B55F637-B067-43B4-B6FC-65171654315C}
		{86EAF0D2-9CE7-4537-A583-C29DA28A08F1} = {865C9FB5-1043-47BE-B650-25A2B42030A3}
		{E6B8C0F5-9462-4A9C-AD6F-B34721BA0E51} = {86EAF0D2-9CE7-4537-A583-C29DA28A08F1}
		{EBFED369-EBBB-49F8-B2F2-236AF3063271} = {7A80B95C-AD57-4057-AED0-48629B75874F}
		{537FD9B3-1288-461B-BEFD-8DF323A50BF1} = {4B55F637-B067-43B4-B6FC-65171654315C}
	EndGlobalSection
	GlobalSection(ExtensibilityGlobals) = postSolution
		SolutionGuid = {05A7A679-3A53-45B5-AE93-4313655E127D}
	EndGlobalSection
EndGlobal
