
Microsoft Visual Studio Solution File, Format Version 12.00
# Visual Studio Version 17
VisualStudioVersion = 17.5.33502.453
MinimumVisualStudioVersion = 10.0.40219.1
Project("{2150E333-8FDC-42A3-9474-1A3956D46DE8}") = "src", "src", "{7A80B95C-AD57-4057-AED0-48629B75874F}"
	ProjectSection(SolutionItems) = preProject
		src\Directory.Build.props = src\Directory.Build.props
		src\Directory.Build.targets = src\Directory.Build.targets
		README.md = README.md
	EndProjectSection
EndProject
Project("{2150E333-8FDC-42A3-9474-1A3956D46DE8}") = "misc", "misc", "{680E7714-A1E6-45F7-BC6E-E1900067FD7A}"
	ProjectSection(SolutionItems) = preProject
		.editorconfig = .editorconfig
		.gitignore = .gitignore
		CHANGELOG.md = CHANGELOG.md
		nuget.config = nuget.config
		README.md = README.md
	EndProjectSection
EndProject
Project("{2150E333-8FDC-42A3-9474-1A3956D46DE8}") = "samples", "samples", "{865C9FB5-1043-47BE-B650-25A2B42030A3}"
EndProject
Project("{2150E333-8FDC-42A3-9474-1A3956D46DE8}") = "chat", "chat", "{46888A9D-8058-499C-9F2F-07800FF686EB}"
	ProjectSection(SolutionItems) = preProject
		samples\chat\demo.http = samples\chat\demo.http
	EndProjectSection
EndProject
Project("{2150E333-8FDC-42A3-9474-1A3956D46DE8}") = "tests", "tests", "{B99948E2-9853-4D9C-B784-19C2503CDA8B}"
EndProject
Project("{9A19103F-16F7-4668-BE54-9A1E7A4F7556}") = "SampleValidation", "tests\SampleValidation\SampleValidation.csproj", "{B0F02F06-9124-4A91-9685-824C55E698BD}"
EndProject
Project("{2150E333-8FDC-42A3-9474-1A3956D46DE8}") = "embeddings", "embeddings", "{4B55F637-B067-43B4-B6FC-65171654315C}"
	ProjectSection(SolutionItems) = preProject
		samples\embeddings\demo.http = samples\embeddings\demo.http
	EndProjectSection
EndProject
Project("{9A19103F-16F7-4668-BE54-9A1E7A4F7556}") = "Functions.Worker.Extensions.OpenAI", "src\Functions.Worker.Extensions.OpenAI\Functions.Worker.Extensions.OpenAI.csproj", "{2704D01A-21F8-4B58-B018-73C5D774D9D6}"
EndProject
Project("{9A19103F-16F7-4668-BE54-9A1E7A4F7556}") = "WebJobs.Extensions.OpenAI", "src\WebJobs.Extensions.OpenAI\WebJobs.Extensions.OpenAI.csproj", "{3D9FE0C4-07FA-4D64-AB45-54D9829F3790}"
EndProject
Project("{2150E333-8FDC-42A3-9474-1A3956D46DE8}") = "textcompletion", "textcompletion", "{066E5306-2BBF-4C3F-BEDD-9529AE2FB60C}"
	ProjectSection(SolutionItems) = preProject
		samples\textcompletion\demo.http = samples\textcompletion\demo.http
	EndProjectSection
EndProject
Project("{9A19103F-16F7-4668-BE54-9A1E7A4F7556}") = "TextCompletion", "samples\textcompletion\csharp-ooproc\TextCompletion.csproj", "{8C478DB0-2F1E-40B2-82E9-7E89DFF2495D}"
EndProject
Project("{9A19103F-16F7-4668-BE54-9A1E7A4F7556}") = "ChatBot", "samples\chat\csharp-ooproc\ChatBot.csproj", "{6701A54D-E00F-46E8-9344-B1547805459E}"
EndProject
Project("{2150E333-8FDC-42A3-9474-1A3956D46DE8}") = "assistant", "assistant", "{C5578BE5-AAC7-4616-9A35-41CA5903882A}"
	ProjectSection(SolutionItems) = preProject
		samples\assistant\demo.http = samples\assistant\demo.http
	EndProjectSection
EndProject
Project("{2150E333-8FDC-42A3-9474-1A3956D46DE8}") = "rag-kusto", "rag-kusto", "{4CD51D81-D334-4FBC-A82B-8E2408913B7D}"
	ProjectSection(SolutionItems) = preProject
		samples\rag-kusto\demo.http = samples\rag-kusto\demo.http
	EndProjectSection
EndProject
Project("{9A19103F-16F7-4668-BE54-9A1E7A4F7556}") = "SemanticSearchEmbeddings", "samples\rag-kusto\csharp-ooproc\SemanticSearchEmbeddings.csproj", "{3E9B9A7F-A98D-4CDD-9528-6D3077CAA4DA}"
EndProject
Project("{9A19103F-16F7-4668-BE54-9A1E7A4F7556}") = "WebJobs.Extensions.OpenAI.AzureAISearch", "src\WebJobs.Extensions.OpenAI.AzureAISearch\WebJobs.Extensions.OpenAI.AzureAISearch.csproj", "{32196912-898F-428E-94EF-4C2333367977}"
EndProject
Project("{9A19103F-16F7-4668-BE54-9A1E7A4F7556}") = "WebJobs.Extensions.OpenAI.Kusto", "src\WebJobs.Extensions.OpenAI.Kusto\WebJobs.Extensions.OpenAI.Kusto.csproj", "{346BE57C-341F-4EF4-A81A-BAC9D2F5B938}"
EndProject
Project("{2150E333-8FDC-42A3-9474-1A3956D46DE8}") = "rag-aisearch", "rag-aisearch", "{3E836929-3691-4DD1-AB8D-F3E0C3A42B5F}"
	ProjectSection(SolutionItems) = preProject
		samples\rag-aisearch\demo.http = samples\rag-aisearch\demo.http
	EndProjectSection
EndProject
Project("{9A19103F-16F7-4668-BE54-9A1E7A4F7556}") = "Embeddings", "samples\embeddings\csharp-ooproc\Embeddings\Embeddings.csproj", "{C9CCD98A-B4E5-4E8E-9163-F86AF2DBB645}"
EndProject
Project("{9A19103F-16F7-4668-BE54-9A1E7A4F7556}") = "SemanticAISearchEmbeddings", "samples\rag-aisearch\csharp-ooproc\SemanticAISearchEmbeddings.csproj", "{21EE2832-FDEB-4D5A-BD72-61BDDF86DC2B}"
EndProject
Project("{9A19103F-16F7-4668-BE54-9A1E7A4F7556}") = "Functions.Worker.Extensions.OpenAI.Kusto", "src\Functions.Worker.Extensions.OpenAI.Kusto\Functions.Worker.Extensions.OpenAI.Kusto.csproj", "{F413D075-38DA-4357-AB60-E6E157018827}"
EndProject
Project("{9A19103F-16F7-4668-BE54-9A1E7A4F7556}") = "Functions.Worker.Extensions.OpenAI.AzureAISearch", "src\Functions.Worker.Extensions.OpenAI.AzureAISearch\Functions.Worker.Extensions.OpenAI.AzureAISearch.csproj", "{CAB7034D-FBA9-4A7D-B50B-E9029DFD0DEF}"
EndProject
Project("{9A19103F-16F7-4668-BE54-9A1E7A4F7556}") = "WebJobs.Extensions.OpenAI.CosmosDBSearch", "src\WebJobs.Extensions.OpenAI.CosmosDBSearch\WebJobs.Extensions.OpenAI.CosmosDBSearch.csproj", "{3B232EA0-9CAE-4488-8579-E86F1FCFEE9A}"
EndProject
Project("{9A19103F-16F7-4668-BE54-9A1E7A4F7556}") = "Functions.Worker.Extensions.OpenAI.CosmosDBSearch", "src\Functions.Worker.Extensions.OpenAI.CosmosDBSearch\Functions.Worker.Extensions.OpenAI.CosmosDBSearch.csproj", "{FD53AA42-6DC5-422F-919C-FB33591DC9E7}"
EndProject
Project("{2150E333-8FDC-42A3-9474-1A3956D46DE8}") = "rag-comosdb", "rag-comosdb", "{24193510-C974-42E2-AE1F-1097E16A2445}"
	ProjectSection(SolutionItems) = preProject
		samples\rag-cosmosdb\demo.http = samples\rag-cosmosdb\demo.http
	EndProjectSection
EndProject
Project("{9A19103F-16F7-4668-BE54-9A1E7A4F7556}") = "Functions.Worker.Extensions.OpenAI.CosmosDBNoSqlSearch", "src\Functions.Worker.Extensions.OpenAI.CosmosDBNoSqlSearch\Functions.Worker.Extensions.OpenAI.CosmosDBNoSqlSearch.csproj", "{6990598F-66A7-4476-943A-781849DEDD3B}"
EndProject
Project("{2150E333-8FDC-42A3-9474-1A3956D46DE8}") = "rag-comosdb-nosql", "rag-comosdb-nosql", "{9285C43E-9DE3-4FED-9C58-09073C35B357}"
	ProjectSection(SolutionItems) = preProject
		samples\rag-cosmosdb-nosql\demo.http = samples\rag-cosmosdb-nosql\demo.http
	EndProjectSection
EndProject
Project("{9A19103F-16F7-4668-BE54-9A1E7A4F7556}") = "SemanticCosmosDBSearchEmbeddings", "samples\rag-cosmosdb\csharp-ooproc\SemanticCosmosDBSearchEmbeddings.csproj", "{D4EC72DC-5B7C-4C24-AA72-A18EF04041BC}"
EndProject
Project("{9A19103F-16F7-4668-BE54-9A1E7A4F7556}") = "AssistantSample", "samples\assistant\csharp-ooproc\AssistantSample.csproj", "{4057D224-2A7C-4186-86D6-66F79542561B}"
EndProject
Global
	GlobalSection(SolutionConfigurationPlatforms) = preSolution
		Debug|Any CPU = Debug|Any CPU
		Release|Any CPU = Release|Any CPU
	EndGlobalSection
	GlobalSection(ProjectConfigurationPlatforms) = postSolution
		{B0F02F06-9124-4A91-9685-824C55E698BD}.Debug|Any CPU.ActiveCfg = Debug|Any CPU
		{B0F02F06-9124-4A91-9685-824C55E698BD}.Debug|Any CPU.Build.0 = Debug|Any CPU
		{B0F02F06-9124-4A91-9685-824C55E698BD}.Release|Any CPU.ActiveCfg = Release|Any CPU
		{B0F02F06-9124-4A91-9685-824C55E698BD}.Release|Any CPU.Build.0 = Release|Any CPU
		{2704D01A-21F8-4B58-B018-73C5D774D9D6}.Debug|Any CPU.ActiveCfg = Debug|Any CPU
		{2704D01A-21F8-4B58-B018-73C5D774D9D6}.Debug|Any CPU.Build.0 = Debug|Any CPU
		{2704D01A-21F8-4B58-B018-73C5D774D9D6}.Release|Any CPU.ActiveCfg = Release|Any CPU
		{2704D01A-21F8-4B58-B018-73C5D774D9D6}.Release|Any CPU.Build.0 = Release|Any CPU
		{3D9FE0C4-07FA-4D64-AB45-54D9829F3790}.Debug|Any CPU.ActiveCfg = Debug|Any CPU
		{3D9FE0C4-07FA-4D64-AB45-54D9829F3790}.Debug|Any CPU.Build.0 = Debug|Any CPU
		{3D9FE0C4-07FA-4D64-AB45-54D9829F3790}.Release|Any CPU.ActiveCfg = Release|Any CPU
		{3D9FE0C4-07FA-4D64-AB45-54D9829F3790}.Release|Any CPU.Build.0 = Release|Any CPU
		{8C478DB0-2F1E-40B2-82E9-7E89DFF2495D}.Debug|Any CPU.ActiveCfg = Debug|Any CPU
		{8C478DB0-2F1E-40B2-82E9-7E89DFF2495D}.Debug|Any CPU.Build.0 = Debug|Any CPU
		{8C478DB0-2F1E-40B2-82E9-7E89DFF2495D}.Release|Any CPU.ActiveCfg = Release|Any CPU
		{8C478DB0-2F1E-40B2-82E9-7E89DFF2495D}.Release|Any CPU.Build.0 = Release|Any CPU
		{6701A54D-E00F-46E8-9344-B1547805459E}.Debug|Any CPU.ActiveCfg = Debug|Any CPU
		{6701A54D-E00F-46E8-9344-B1547805459E}.Debug|Any CPU.Build.0 = Debug|Any CPU
		{6701A54D-E00F-46E8-9344-B1547805459E}.Release|Any CPU.ActiveCfg = Release|Any CPU
		{6701A54D-E00F-46E8-9344-B1547805459E}.Release|Any CPU.Build.0 = Release|Any CPU
		{3E9B9A7F-A98D-4CDD-9528-6D3077CAA4DA}.Debug|Any CPU.ActiveCfg = Debug|Any CPU
		{3E9B9A7F-A98D-4CDD-9528-6D3077CAA4DA}.Debug|Any CPU.Build.0 = Debug|Any CPU
		{3E9B9A7F-A98D-4CDD-9528-6D3077CAA4DA}.Release|Any CPU.ActiveCfg = Release|Any CPU
		{3E9B9A7F-A98D-4CDD-9528-6D3077CAA4DA}.Release|Any CPU.Build.0 = Release|Any CPU
		{32196912-898F-428E-94EF-4C2333367977}.Debug|Any CPU.ActiveCfg = Debug|Any CPU
		{32196912-898F-428E-94EF-4C2333367977}.Debug|Any CPU.Build.0 = Debug|Any CPU
		{32196912-898F-428E-94EF-4C2333367977}.Release|Any CPU.ActiveCfg = Release|Any CPU
		{32196912-898F-428E-94EF-4C2333367977}.Release|Any CPU.Build.0 = Release|Any CPU
		{346BE57C-341F-4EF4-A81A-BAC9D2F5B938}.Debug|Any CPU.ActiveCfg = Debug|Any CPU
		{346BE57C-341F-4EF4-A81A-BAC9D2F5B938}.Debug|Any CPU.Build.0 = Debug|Any CPU
		{346BE57C-341F-4EF4-A81A-BAC9D2F5B938}.Release|Any CPU.ActiveCfg = Release|Any CPU
		{346BE57C-341F-4EF4-A81A-BAC9D2F5B938}.Release|Any CPU.Build.0 = Release|Any CPU
		{C9CCD98A-B4E5-4E8E-9163-F86AF2DBB645}.Debug|Any CPU.ActiveCfg = Debug|Any CPU
		{C9CCD98A-B4E5-4E8E-9163-F86AF2DBB645}.Debug|Any CPU.Build.0 = Debug|Any CPU
		{C9CCD98A-B4E5-4E8E-9163-F86AF2DBB645}.Release|Any CPU.ActiveCfg = Release|Any CPU
		{C9CCD98A-B4E5-4E8E-9163-F86AF2DBB645}.Release|Any CPU.Build.0 = Release|Any CPU
		{21EE2832-FDEB-4D5A-BD72-61BDDF86DC2B}.Debug|Any CPU.ActiveCfg = Debug|Any CPU
		{21EE2832-FDEB-4D5A-BD72-61BDDF86DC2B}.Debug|Any CPU.Build.0 = Debug|Any CPU
		{21EE2832-FDEB-4D5A-BD72-61BDDF86DC2B}.Release|Any CPU.ActiveCfg = Release|Any CPU
		{21EE2832-FDEB-4D5A-BD72-61BDDF86DC2B}.Release|Any CPU.Build.0 = Release|Any CPU
		{F413D075-38DA-4357-AB60-E6E157018827}.Debug|Any CPU.ActiveCfg = Debug|Any CPU
		{F413D075-38DA-4357-AB60-E6E157018827}.Debug|Any CPU.Build.0 = Debug|Any CPU
		{F413D075-38DA-4357-AB60-E6E157018827}.Release|Any CPU.ActiveCfg = Release|Any CPU
		{F413D075-38DA-4357-AB60-E6E157018827}.Release|Any CPU.Build.0 = Release|Any CPU
		{CAB7034D-FBA9-4A7D-B50B-E9029DFD0DEF}.Debug|Any CPU.ActiveCfg = Debug|Any CPU
		{CAB7034D-FBA9-4A7D-B50B-E9029DFD0DEF}.Debug|Any CPU.Build.0 = Debug|Any CPU
		{CAB7034D-FBA9-4A7D-B50B-E9029DFD0DEF}.Release|Any CPU.ActiveCfg = Release|Any CPU
		{CAB7034D-FBA9-4A7D-B50B-E9029DFD0DEF}.Release|Any CPU.Build.0 = Release|Any CPU
		{3B232EA0-9CAE-4488-8579-E86F1FCFEE9A}.Debug|Any CPU.ActiveCfg = Debug|Any CPU
		{3B232EA0-9CAE-4488-8579-E86F1FCFEE9A}.Debug|Any CPU.Build.0 = Debug|Any CPU
		{3B232EA0-9CAE-4488-8579-E86F1FCFEE9A}.Release|Any CPU.ActiveCfg = Release|Any CPU
		{3B232EA0-9CAE-4488-8579-E86F1FCFEE9A}.Release|Any CPU.Build.0 = Release|Any CPU
		{FD53AA42-6DC5-422F-919C-FB33591DC9E7}.Debug|Any CPU.ActiveCfg = Debug|Any CPU
		{FD53AA42-6DC5-422F-919C-FB33591DC9E7}.Debug|Any CPU.Build.0 = Debug|Any CPU
		{FD53AA42-6DC5-422F-919C-FB33591DC9E7}.Release|Any CPU.ActiveCfg = Release|Any CPU
		{FD53AA42-6DC5-422F-919C-FB33591DC9E7}.Release|Any CPU.Build.0 = Release|Any CPU
		{6990598F-66A7-4476-943A-781849DEDD3B}.Debug|Any CPU.ActiveCfg = Debug|Any CPU
		{6990598F-66A7-4476-943A-781849DEDD3B}.Debug|Any CPU.Build.0 = Debug|Any CPU
		{6990598F-66A7-4476-943A-781849DEDD3B}.Release|Any CPU.ActiveCfg = Release|Any CPU
		{6990598F-66A7-4476-943A-781849DEDD3B}.Release|Any CPU.Build.0 = Release|Any CPU
		{D4EC72DC-5B7C-4C24-AA72-A18EF04041BC}.Debug|Any CPU.ActiveCfg = Debug|Any CPU
		{D4EC72DC-5B7C-4C24-AA72-A18EF04041BC}.Debug|Any CPU.Build.0 = Debug|Any CPU
		{D4EC72DC-5B7C-4C24-AA72-A18EF04041BC}.Release|Any CPU.ActiveCfg = Release|Any CPU
		{D4EC72DC-5B7C-4C24-AA72-A18EF04041BC}.Release|Any CPU.Build.0 = Release|Any CPU
		{4057D224-2A7C-4186-86D6-66F79542561B}.Debug|Any CPU.ActiveCfg = Debug|Any CPU
		{4057D224-2A7C-4186-86D6-66F79542561B}.Debug|Any CPU.Build.0 = Debug|Any CPU
		{4057D224-2A7C-4186-86D6-66F79542561B}.Release|Any CPU.ActiveCfg = Release|Any CPU
		{4057D224-2A7C-4186-86D6-66F79542561B}.Release|Any CPU.Build.0 = Release|Any CPU
	EndGlobalSection
	GlobalSection(SolutionProperties) = preSolution
		HideSolutionNode = FALSE
	EndGlobalSection
	GlobalSection(NestedProjects) = preSolution
		{46888A9D-8058-499C-9F2F-07800FF686EB} = {865C9FB5-1043-47BE-B650-25A2B42030A3}
		{B0F02F06-9124-4A91-9685-824C55E698BD} = {B99948E2-9853-4D9C-B784-19C2503CDA8B}
		{4B55F637-B067-43B4-B6FC-65171654315C} = {865C9FB5-1043-47BE-B650-25A2B42030A3}
		{2704D01A-21F8-4B58-B018-73C5D774D9D6} = {7A80B95C-AD57-4057-AED0-48629B75874F}
		{3D9FE0C4-07FA-4D64-AB45-54D9829F3790} = {7A80B95C-AD57-4057-AED0-48629B75874F}
		{066E5306-2BBF-4C3F-BEDD-9529AE2FB60C} = {865C9FB5-1043-47BE-B650-25A2B42030A3}
		{8C478DB0-2F1E-40B2-82E9-7E89DFF2495D} = {066E5306-2BBF-4C3F-BEDD-9529AE2FB60C}
		{6701A54D-E00F-46E8-9344-B1547805459E} = {46888A9D-8058-499C-9F2F-07800FF686EB}
		{C5578BE5-AAC7-4616-9A35-41CA5903882A} = {865C9FB5-1043-47BE-B650-25A2B42030A3}
		{4CD51D81-D334-4FBC-A82B-8E2408913B7D} = {865C9FB5-1043-47BE-B650-25A2B42030A3}
		{3E9B9A7F-A98D-4CDD-9528-6D3077CAA4DA} = {4CD51D81-D334-4FBC-A82B-8E2408913B7D}
		{32196912-898F-428E-94EF-4C2333367977} = {7A80B95C-AD57-4057-AED0-48629B75874F}
		{346BE57C-341F-4EF4-A81A-BAC9D2F5B938} = {7A80B95C-AD57-4057-AED0-48629B75874F}
		{3E836929-3691-4DD1-AB8D-F3E0C3A42B5F} = {865C9FB5-1043-47BE-B650-25A2B42030A3}
		{C9CCD98A-B4E5-4E8E-9163-F86AF2DBB645} = {4B55F637-B067-43B4-B6FC-65171654315C}
		{21EE2832-FDEB-4D5A-BD72-61BDDF86DC2B} = {3E836929-3691-4DD1-AB8D-F3E0C3A42B5F}
		{F413D075-38DA-4357-AB60-E6E157018827} = {7A80B95C-AD57-4057-AED0-48629B75874F}
		{CAB7034D-FBA9-4A7D-B50B-E9029DFD0DEF} = {7A80B95C-AD57-4057-AED0-48629B75874F}
		{3B232EA0-9CAE-4488-8579-E86F1FCFEE9A} = {7A80B95C-AD57-4057-AED0-48629B75874F}
		{FD53AA42-6DC5-422F-919C-FB33591DC9E7} = {7A80B95C-AD57-4057-AED0-48629B75874F}
		{6990598F-66A7-4476-943A-781849DEDD3B} = {7A80B95C-AD57-4057-AED0-48629B75874F}
		{24193510-C974-42E2-AE1F-1097E16A2445} = {865C9FB5-1043-47BE-B650-25A2B42030A3}
		{9285C43E-9DE3-4FED-9C58-09073C35B357} = {865C9FB5-1043-47BE-B650-25A2B42030A3}
		{D4EC72DC-5B7C-4C24-AA72-A18EF04041BC} = {24193510-C974-42E2-AE1F-1097E16A2445}
		{4057D224-2A7C-4186-86D6-66F79542561B} = {C5578BE5-AAC7-4616-9A35-41CA5903882A}
	EndGlobalSection
	GlobalSection(ExtensibilityGlobals) = postSolution
		SolutionGuid = {05A7A679-3A53-45B5-AE93-4313655E127D}
	EndGlobalSection
EndGlobal
